# This file is automatically @generated by Cargo.
# It is not intended for manual editing.
[[package]]
name = "ahash"
version = "0.2.19"
source = "registry+https://github.com/rust-lang/crates.io-index"
checksum = "29661b60bec623f0586702976ff4d0c9942dcb6723161c2df0eea78455cfedfb"
dependencies = [
 "const-random",
]

[[package]]
name = "autocfg"
version = "0.1.7"
source = "registry+https://github.com/rust-lang/crates.io-index"
checksum = "1d49d90015b3c36167a20fe2810c5cd875ad504b39cff3d4eae7977e6b7c1cb2"

[[package]]
name = "autocfg"
version = "1.0.1"
source = "registry+https://github.com/rust-lang/crates.io-index"
checksum = "cdb031dd78e28731d87d56cc8ffef4a8f36ca26c38fe2de700543e627f8a464a"

[[package]]
name = "baja"
version = "0.3.0"
dependencies = [
 "err-derive",
 "optee-utee",
 "ring",
 "rustls",
 "sgx_tstd",
 "sgx_types",
 "veracruz-utils",
 "webpki",
 "webpki-roots",
]

[[package]]
name = "base64"
version = "0.10.1"
source = "git+https://github.com/veracruz-project/rust-base64.git?branch=veracruz#9c3208ed29f179e395986c26c9290cf5f3dc9531"
dependencies = [
 "sgx_tstd",
]

[[package]]
name = "bitflags"
version = "1.2.1"
source = "registry+https://github.com/rust-lang/crates.io-index"
checksum = "cf1de2fe8c75bc145a2f577add951f8134889b4795d47466a54a5c846d691693"

[[package]]
name = "bumpalo"
version = "3.4.0"
source = "registry+https://github.com/rust-lang/crates.io-index"
checksum = "2e8c087f005730276d1096a652e92a8bacee2e2472bcc9715a74d2bec38b5820"

[[package]]
name = "byteorder"
version = "1.3.4"
source = "git+https://github.com/veracruz-project/byteorder.git?branch=veracruz#93cac045d4cd4de616d42d7e0538dd9a604c2ac9"
dependencies = [
 "sgx_tstd",
]

[[package]]
name = "cc"
version = "1.0.60"
source = "registry+https://github.com/rust-lang/crates.io-index"
checksum = "ef611cc68ff783f18535d77ddd080185275713d852c4f5cbb6122c462a7a825c"

[[package]]
name = "cfg-if"
version = "0.1.10"
source = "registry+https://github.com/rust-lang/crates.io-index"
checksum = "4785bdd1c96b2a846b2bd7cc02e86b6b3dbf14e7e53446c4f54c92a361040822"

[[package]]
name = "cfg-if"
version = "1.0.0"
source = "registry+https://github.com/rust-lang/crates.io-index"
checksum = "baf1de4339761588bc0619e3cbc0120ee582ebb74b53b4efbf79117bd2da40fd"

[[package]]
name = "chihuahua"
version = "0.3.0"
dependencies = [
 "byteorder",
 "err-derive",
 "lazy_static",
 "pinecone",
 "platform-services",
 "ring",
 "serde 1.0.115",
 "sgx_tstd",
 "typetag",
 "wasmi",
]

[[package]]
name = "cloudabi"
version = "0.0.3"
source = "registry+https://github.com/rust-lang/crates.io-index"
checksum = "ddfc5b9aa5d4507acaf872de71051dfd0e309860e88966e1051e462a077aac4f"
dependencies = [
 "bitflags",
]

[[package]]
name = "colima"
version = "0.3.0"
dependencies = [
 "err-derive",
 "protobuf 2.8.1 (git+https://github.com/veracruz-project/rust-protobuf.git?branch=veracruz)",
 "protoc-rust",
 "sgx_tstd",
 "sgx_types",
]

[[package]]
name = "const-random"
version = "0.1.13"
source = "registry+https://github.com/rust-lang/crates.io-index"
checksum = "f590d95d011aa80b063ffe3253422ed5aa462af4e9867d43ce8337562bac77c4"
dependencies = [
 "const-random-macro",
 "proc-macro-hack",
]

[[package]]
name = "const-random-macro"
version = "0.1.13"
source = "registry+https://github.com/rust-lang/crates.io-index"
checksum = "615f6e27d000a2bffbc7f2f6a8669179378fa27ee4d0a509e985dfc0a7defb40"
dependencies = [
 "getrandom 0.2.1",
 "lazy_static",
 "proc-macro-hack",
 "tiny-keccak",
]

[[package]]
name = "crunchy"
version = "0.2.2"
source = "registry+https://github.com/rust-lang/crates.io-index"
checksum = "7a81dae078cea95a014a339291cec439d2f232ebe854a9d672b796c6afafa9b7"

[[package]]
name = "ctor"
version = "0.1.16"
source = "registry+https://github.com/rust-lang/crates.io-index"
checksum = "7fbaabec2c953050352311293be5c6aba8e141ba19d6811862b232d6fd020484"
dependencies = [
 "quote 1.0.7",
 "syn 1.0.42",
]

[[package]]
name = "dtoa"
version = "0.2.2"
source = "registry+https://github.com/rust-lang/crates.io-index"
checksum = "0dd841b58510c9618291ffa448da2e4e0f699d984d436122372f446dae62263d"

[[package]]
name = "erased-serde"
version = "0.3.10"
source = "git+https://github.com/veracruz-project/erased-serde.git?branch=veracruz#a29abbe51c137769fc1c34d7990677c975c8e6b5"
dependencies = [
 "serde 1.0.115",
 "sgx_tstd",
]

[[package]]
name = "err-derive"
version = "0.2.4"
source = "registry+https://github.com/rust-lang/crates.io-index"
checksum = "22deed3a8124cff5fa835713fa105621e43bbdc46690c3a6b68328a012d350d4"
dependencies = [
 "proc-macro-error",
 "proc-macro2 1.0.23",
 "quote 1.0.7",
 "rustversion",
 "syn 1.0.42",
 "synstructure",
]

[[package]]
name = "fuchsia-cprng"
version = "0.1.1"
source = "registry+https://github.com/rust-lang/crates.io-index"
checksum = "a06f77d526c1a601b7c4cdd98f54b5eaabffc14d5f2f0296febdc7f357c6d3ba"

[[package]]
name = "getrandom"
version = "0.1.15"
source = "registry+https://github.com/rust-lang/crates.io-index"
checksum = "fc587bc0ec293155d5bfa6b9891ec18a1e330c234f896ea47fbada4cadbe47e6"
dependencies = [
 "cfg-if 0.1.10",
 "libc 0.2.77",
 "wasi 0.9.0+wasi-snapshot-preview1",
]

[[package]]
name = "getrandom"
version = "0.2.1"
source = "registry+https://github.com/rust-lang/crates.io-index"
checksum = "4060f4657be78b8e766215b02b18a2e862d83745545de804638e2b545e81aee6"
dependencies = [
 "cfg-if 1.0.0",
 "libc 0.2.77",
 "wasi 0.10.1+wasi-snapshot-preview1",
]

[[package]]
name = "ghost"
version = "0.1.2"
source = "registry+https://github.com/rust-lang/crates.io-index"
checksum = "1a5bcf1bbeab73aa4cf2fde60a846858dc036163c7c33bec309f8d17de785479"
dependencies = [
 "proc-macro2 1.0.23",
 "quote 1.0.7",
 "syn 1.0.42",
]

[[package]]
name = "hashbrown"
version = "0.6.3"
source = "registry+https://github.com/rust-lang/crates.io-index"
checksum = "8e6073d0ca812575946eb5f35ff68dbe519907b25c42530389ff946dc84c6ead"
dependencies = [
 "ahash",
 "autocfg 0.1.7",
 "serde 1.0.118",
]

[[package]]
name = "hashbrown_tstd"
version = "0.7.1"
source = "git+https://github.com/apache/teaclave-sgx-sdk.git?rev=v1.1.2#8f065be7a442157bf16dc7106feb795ea1c578eb"
dependencies = [
 "autocfg 1.0.1",
]

[[package]]
name = "hex"
version = "0.4.2"
source = "registry+https://github.com/rust-lang/crates.io-index"
checksum = "644f9158b2f133fd50f5fb3242878846d9eb792e445c893805ff0e3824006e35"

[[package]]
name = "indexmap"
version = "1.3.1"
source = "git+https://github.com/veracruz-project/indexmap.git?branch=veracruz#7c819fc20e43da92d201d7badc322ef7f654b844"
dependencies = [
 "autocfg 1.0.1",
 "sgx_tstd",
]

[[package]]
name = "inventory"
version = "0.1.5"
source = "git+https://github.com/veracruz-project/inventory.git?branch=veracruz#f31db26fd25d5d96119950812d181d0fd271c032"
dependencies = [
 "ctor",
 "ghost",
 "inventory-impl",
 "sgx_tstd",
]

[[package]]
name = "inventory-impl"
version = "0.1.5"
source = "git+https://github.com/veracruz-project/inventory.git?branch=veracruz#f31db26fd25d5d96119950812d181d0fd271c032"
dependencies = [
 "proc-macro2 1.0.23",
 "quote 1.0.7",
 "syn 1.0.42",
]

[[package]]
name = "itoa"
version = "0.1.1"
source = "registry+https://github.com/rust-lang/crates.io-index"
checksum = "ae3088ea4baeceb0284ee9eea42f591226e6beaecf65373e41b38d95a1b8e7a1"

[[package]]
name = "itoa"
version = "0.4.5"
source = "git+https://github.com/veracruz-project/itoa.git?branch=veracruz#696e4c7cbbd63a1dc2435edcdbbf17686a4fc086"
dependencies = [
 "sgx_tstd",
]

[[package]]
name = "js-sys"
version = "0.3.45"
source = "registry+https://github.com/rust-lang/crates.io-index"
checksum = "ca059e81d9486668f12d455a4ea6daa600bd408134cd17e3d3fb5a32d1f016f8"
dependencies = [
 "wasm-bindgen",
]

[[package]]
name = "lazy_static"
version = "1.4.0"
source = "registry+https://github.com/rust-lang/crates.io-index"
checksum = "e2abad23fbc42b3700f2f279844dc832adb2b2eb069b2df918f455c4e18cc646"
dependencies = [
 "spin",
]

[[package]]
name = "libc"
version = "0.2.69"
source = "git+https://github.com/veracruz-project/libc.git?branch=veracruz#f851a1893bd20d804c707407be63961ce6f5373f"

[[package]]
name = "libc"
version = "0.2.69"
source = "git+https://github.com/veracruz-project/rust-optee-trustzone-sdk.git?branch=veracruz#a1954b8a95dd77e396fb86e21dea2dec3fa5d9a4"

[[package]]
name = "libc"
version = "0.2.77"
source = "registry+https://github.com/rust-lang/crates.io-index"
checksum = "f2f96b10ec2560088a8e76961b00d47107b3a625fecb76dedb29ee7ccbf98235"

[[package]]
name = "log"
version = "0.4.8"
source = "git+https://github.com/veracruz-project/log.git?branch=veracruz#64f2e08980af31e25edb5b699f195bb86a8990dd"
dependencies = [
 "cfg-if 0.1.10",
 "sgx_tstd",
]

[[package]]
name = "log"
version = "0.4.11"
source = "registry+https://github.com/rust-lang/crates.io-index"
checksum = "4fabed175da42fed1fa0746b0ea71f412aa9d35e76e95e59b192c64b9dc2bf8b"
dependencies = [
 "cfg-if 0.1.10",
]

[[package]]
name = "memory_units"
version = "0.3.0"
source = "registry+https://github.com/rust-lang/crates.io-index"
checksum = "71d96e3f3c0b6325d8ccd83c33b28acb183edcb6c67938ba104ec546854b0882"

[[package]]
name = "mexico_city_enclave"
version = "0.3.0"
dependencies = [
 "baja",
 "chihuahua",
 "colima",
 "err-derive",
 "hex",
 "lazy_static",
 "libc 0.2.69 (git+https://github.com/veracruz-project/libc.git?branch=veracruz)",
 "optee-utee",
 "optee-utee-sys",
 "protobuf 2.8.1 (git+https://github.com/veracruz-project/rust-protobuf.git?branch=veracruz)",
 "ring",
 "rustls",
 "serde_json 1.0.51",
 "sgx_tcrypto",
 "sgx_tdh",
 "sgx_tstd",
 "sgx_types",
 "target_build_utils",
 "uuid",
 "veracruz-utils",
 "wasmi",
]

[[package]]
name = "num-bigint"
version = "0.2.5"
source = "git+https://github.com/veracruz-project/num-bigint.git?branch=veracruz#55d9fac8fbd6edfd8ba0e5fbd94e36d23acb1573"
dependencies = [
 "autocfg 1.0.1",
 "num-integer",
 "num-traits 0.2.10",
 "sgx_tstd",
]

[[package]]
name = "num-integer"
version = "0.1.41"
source = "git+https://github.com/veracruz-project/num-integer.git?branch=veracruz#423f1f89ec063535e69be58bb17030b05ae3b0d7"
dependencies = [
 "autocfg 0.1.7",
 "num-traits 0.2.10",
 "sgx_tstd",
]

[[package]]
name = "num-rational"
version = "0.2.2"
source = "git+https://github.com/veracruz-project/num-rational.git?branch=veracruz#87fd5b9fae798679d22d35b3d16e8edb7ceba1d0"
dependencies = [
 "autocfg 0.1.7",
 "num-bigint",
 "num-integer",
 "num-traits 0.2.10",
 "sgx_tstd",
]

[[package]]
name = "num-traits"
version = "0.1.43"
source = "registry+https://github.com/rust-lang/crates.io-index"
checksum = "92e5113e9fd4cc14ded8e499429f396a20f98c772a47cc8622a736e1ec843c31"
dependencies = [
 "num-traits 0.2.12",
]

[[package]]
name = "num-traits"
version = "0.2.10"
source = "git+https://github.com/veracruz-project/num-traits.git?branch=veracruz#9cea4d31ca72409f7b394a47f9c08a078c060ee7"
dependencies = [
 "autocfg 0.1.7",
 "sgx_tstd",
]

[[package]]
name = "num-traits"
version = "0.2.12"
source = "registry+https://github.com/rust-lang/crates.io-index"
checksum = "ac267bcc07f48ee5f8935ab0d24f316fb722d7a1292e2913f0cc196b29ffd611"
dependencies = [
 "autocfg 1.0.1",
]

[[package]]
name = "optee-utee"
version = "0.1.0"
source = "git+https://github.com/veracruz-project/rust-optee-trustzone-sdk.git?branch=veracruz#a1954b8a95dd77e396fb86e21dea2dec3fa5d9a4"
dependencies = [
 "bitflags",
 "libc 0.2.69 (git+https://github.com/veracruz-project/rust-optee-trustzone-sdk.git?branch=veracruz)",
 "optee-utee-macros",
 "optee-utee-sys",
]

[[package]]
name = "optee-utee-macros"
version = "0.1.0"
source = "git+https://github.com/veracruz-project/rust-optee-trustzone-sdk.git?branch=veracruz#a1954b8a95dd77e396fb86e21dea2dec3fa5d9a4"
dependencies = [
 "quote 0.6.13",
 "syn 0.15.44",
]

[[package]]
name = "optee-utee-sys"
version = "0.1.0"
source = "git+https://github.com/veracruz-project/rust-optee-trustzone-sdk.git?branch=veracruz#a1954b8a95dd77e396fb86e21dea2dec3fa5d9a4"
dependencies = [
 "libc 0.2.69 (git+https://github.com/veracruz-project/rust-optee-trustzone-sdk.git?branch=veracruz)",
]

[[package]]
name = "parity-wasm"
version = "0.41.0"
source = "git+https://github.com/veracruz-project/parity-wasm.git?branch=veracruz#96b67c36cbbd5e56030298c3aba24b884376fc46"
dependencies = [
 "byteorder",
 "sgx_tstd",
]

[[package]]
name = "phf"
version = "0.7.24"
source = "registry+https://github.com/rust-lang/crates.io-index"
checksum = "b3da44b85f8e8dfaec21adae67f95d93244b2ecf6ad2a692320598dcc8e6dd18"
dependencies = [
 "phf_shared",
]

[[package]]
name = "phf_codegen"
version = "0.7.24"
source = "registry+https://github.com/rust-lang/crates.io-index"
checksum = "b03e85129e324ad4166b06b2c7491ae27fe3ec353af72e72cd1654c7225d517e"
dependencies = [
 "phf_generator",
 "phf_shared",
]

[[package]]
name = "phf_generator"
version = "0.7.24"
source = "registry+https://github.com/rust-lang/crates.io-index"
checksum = "09364cc93c159b8b06b1f4dd8a4398984503483891b0c26b867cf431fb132662"
dependencies = [
 "phf_shared",
 "rand 0.6.5",
]

[[package]]
name = "phf_shared"
version = "0.7.24"
source = "registry+https://github.com/rust-lang/crates.io-index"
checksum = "234f71a15de2288bcb7e3b6515828d22af7ec8598ee6d24c3b526fa0a80b67a0"
dependencies = [
 "siphasher",
]

[[package]]
name = "pinecone"
version = "0.2.3"
source = "registry+https://github.com/rust-lang/crates.io-index"
checksum = "d428731d3fa65fb4be3a898fa9dc46f512b43874a621377d21c96582f1372e21"
dependencies = [
 "hashbrown",
 "serde 1.0.118",
]

[[package]]
name = "platform-services"
version = "0.3.0"
dependencies = [
 "cfg-if 0.1.10",
 "optee-utee",
 "sgx_trts",
]

[[package]]
name = "ppv-lite86"
version = "0.2.9"
source = "registry+https://github.com/rust-lang/crates.io-index"
checksum = "c36fa947111f5c62a733b652544dd0016a43ce89619538a8ef92724a6f501a20"

[[package]]
name = "proc-macro-error"
version = "1.0.4"
source = "registry+https://github.com/rust-lang/crates.io-index"
checksum = "da25490ff9892aab3fcf7c36f08cfb902dd3e71ca0f9f9517bea02a73a5ce38c"
dependencies = [
 "proc-macro-error-attr",
 "proc-macro2 1.0.23",
 "quote 1.0.7",
 "syn 1.0.42",
 "version_check",
]

[[package]]
name = "proc-macro-error-attr"
version = "1.0.4"
source = "registry+https://github.com/rust-lang/crates.io-index"
checksum = "a1be40180e52ecc98ad80b184934baf3d0d29f979574e439af5a55274b35f869"
dependencies = [
 "proc-macro2 1.0.23",
 "quote 1.0.7",
 "version_check",
]

[[package]]
name = "proc-macro-hack"
version = "0.5.19"
source = "registry+https://github.com/rust-lang/crates.io-index"
checksum = "dbf0c48bc1d91375ae5c3cd81e3722dff1abcf81a30960240640d223f59fe0e5"

[[package]]
name = "proc-macro2"
version = "0.4.30"
source = "registry+https://github.com/rust-lang/crates.io-index"
checksum = "cf3d2011ab5c909338f7887f4fc896d35932e29146c12c8d01da6b22a80ba759"
dependencies = [
 "unicode-xid 0.1.0",
]

[[package]]
name = "proc-macro2"
version = "1.0.23"
source = "registry+https://github.com/rust-lang/crates.io-index"
checksum = "51ef7cd2518ead700af67bf9d1a658d90b6037d77110fd9c0445429d0ba1c6c9"
dependencies = [
 "unicode-xid 0.2.1",
]

[[package]]
name = "protobuf"
version = "2.8.1"
source = "git+https://github.com/veracruz-project/rust-protobuf.git?branch=veracruz#a52cd41d601cd3cf525029f995155ffccd79c39c"
dependencies = [
 "serde 1.0.115",
 "sgx_tstd",
]

[[package]]
name = "protobuf"
version = "2.8.1"
source = "git+https://github.com/stepancheg/rust-protobuf.git?rev=v2.8.1#b772897b33d580fb6c5da81b3c8a7c48895f36a2"

[[package]]
name = "protobuf-codegen"
version = "2.8.1"
source = "git+https://github.com/veracruz-project/rust-protobuf.git?branch=veracruz#a52cd41d601cd3cf525029f995155ffccd79c39c"
dependencies = [
 "protobuf 2.8.1 (git+https://github.com/stepancheg/rust-protobuf.git?rev=v2.8.1)",
]

[[package]]
name = "protoc"
version = "2.8.1"
source = "git+https://github.com/stepancheg/rust-protobuf.git?rev=v2.8.1#b772897b33d580fb6c5da81b3c8a7c48895f36a2"
dependencies = [
 "log 0.4.11",
]

[[package]]
name = "protoc-rust"
version = "2.8.1"
source = "git+https://github.com/veracruz-project/rust-protobuf.git?branch=veracruz#a52cd41d601cd3cf525029f995155ffccd79c39c"
dependencies = [
 "protobuf 2.8.1 (git+https://github.com/stepancheg/rust-protobuf.git?rev=v2.8.1)",
 "protobuf-codegen",
 "protoc",
 "tempfile",
]

[[package]]
name = "quote"
version = "0.6.13"
source = "registry+https://github.com/rust-lang/crates.io-index"
checksum = "6ce23b6b870e8f94f81fb0a363d65d86675884b34a09043c81e5562f11c1f8e1"
dependencies = [
 "proc-macro2 0.4.30",
]

[[package]]
name = "quote"
version = "1.0.7"
source = "registry+https://github.com/rust-lang/crates.io-index"
checksum = "aa563d17ecb180e500da1cfd2b028310ac758de548efdd203e18f283af693f37"
dependencies = [
 "proc-macro2 1.0.23",
]

[[package]]
name = "rand"
version = "0.6.5"
source = "registry+https://github.com/rust-lang/crates.io-index"
checksum = "6d71dacdc3c88c1fde3885a3be3fbab9f35724e6ce99467f7d9c5026132184ca"
dependencies = [
 "autocfg 0.1.7",
 "libc 0.2.77",
 "rand_chacha 0.1.1",
 "rand_core 0.4.2",
 "rand_hc 0.1.0",
 "rand_isaac",
 "rand_jitter",
 "rand_os",
 "rand_pcg",
 "rand_xorshift",
 "winapi",
]

[[package]]
name = "rand"
version = "0.7.3"
source = "registry+https://github.com/rust-lang/crates.io-index"
checksum = "6a6b1679d49b24bbfe0c803429aa1874472f50d9b363131f0e89fc356b544d03"
dependencies = [
 "getrandom 0.1.15",
 "libc 0.2.77",
 "rand_chacha 0.2.2",
 "rand_core 0.5.1",
 "rand_hc 0.2.0",
]

[[package]]
name = "rand_chacha"
version = "0.1.1"
source = "registry+https://github.com/rust-lang/crates.io-index"
checksum = "556d3a1ca6600bfcbab7c7c91ccb085ac7fbbcd70e008a98742e7847f4f7bcef"
dependencies = [
 "autocfg 0.1.7",
 "rand_core 0.3.1",
]

[[package]]
name = "rand_chacha"
version = "0.2.2"
source = "registry+https://github.com/rust-lang/crates.io-index"
checksum = "f4c8ed856279c9737206bf725bf36935d8666ead7aa69b52be55af369d193402"
dependencies = [
 "ppv-lite86",
 "rand_core 0.5.1",
]

[[package]]
name = "rand_core"
version = "0.3.1"
source = "registry+https://github.com/rust-lang/crates.io-index"
checksum = "7a6fdeb83b075e8266dcc8762c22776f6877a63111121f5f8c7411e5be7eed4b"
dependencies = [
 "rand_core 0.4.2",
]

[[package]]
name = "rand_core"
version = "0.4.2"
source = "registry+https://github.com/rust-lang/crates.io-index"
checksum = "9c33a3c44ca05fa6f1807d8e6743f3824e8509beca625669633be0acbdf509dc"

[[package]]
name = "rand_core"
version = "0.5.1"
source = "registry+https://github.com/rust-lang/crates.io-index"
checksum = "90bde5296fc891b0cef12a6d03ddccc162ce7b2aff54160af9338f8d40df6d19"
dependencies = [
 "getrandom 0.1.15",
]

[[package]]
name = "rand_hc"
version = "0.1.0"
source = "registry+https://github.com/rust-lang/crates.io-index"
checksum = "7b40677c7be09ae76218dc623efbf7b18e34bced3f38883af07bb75630a21bc4"
dependencies = [
 "rand_core 0.3.1",
]

[[package]]
name = "rand_hc"
version = "0.2.0"
source = "registry+https://github.com/rust-lang/crates.io-index"
checksum = "ca3129af7b92a17112d59ad498c6f81eaf463253766b90396d39ea7a39d6613c"
dependencies = [
 "rand_core 0.5.1",
]

[[package]]
name = "rand_isaac"
version = "0.1.1"
source = "registry+https://github.com/rust-lang/crates.io-index"
checksum = "ded997c9d5f13925be2a6fd7e66bf1872597f759fd9dd93513dd7e92e5a5ee08"
dependencies = [
 "rand_core 0.3.1",
]

[[package]]
name = "rand_jitter"
version = "0.1.4"
source = "registry+https://github.com/rust-lang/crates.io-index"
checksum = "1166d5c91dc97b88d1decc3285bb0a99ed84b05cfd0bc2341bdf2d43fc41e39b"
dependencies = [
 "libc 0.2.77",
 "rand_core 0.4.2",
 "winapi",
]

[[package]]
name = "rand_os"
version = "0.1.3"
source = "registry+https://github.com/rust-lang/crates.io-index"
checksum = "7b75f676a1e053fc562eafbb47838d67c84801e38fc1ba459e8f180deabd5071"
dependencies = [
 "cloudabi",
 "fuchsia-cprng",
 "libc 0.2.77",
 "rand_core 0.4.2",
 "rdrand",
 "winapi",
]

[[package]]
name = "rand_pcg"
version = "0.1.2"
source = "registry+https://github.com/rust-lang/crates.io-index"
checksum = "abf9b09b01790cfe0364f52bf32995ea3c39f4d2dd011eac241d2914146d0b44"
dependencies = [
 "autocfg 0.1.7",
 "rand_core 0.4.2",
]

[[package]]
name = "rand_xorshift"
version = "0.1.1"
source = "registry+https://github.com/rust-lang/crates.io-index"
checksum = "cbf7e9e623549b0e21f6e97cf8ecf247c1a8fd2e8a992ae265314300b2455d5c"
dependencies = [
 "rand_core 0.3.1",
]

[[package]]
name = "rdrand"
version = "0.4.0"
source = "registry+https://github.com/rust-lang/crates.io-index"
checksum = "678054eb77286b51581ba43620cc911abf02758c91f93f479767aed0f90458b2"
dependencies = [
 "rand_core 0.3.1",
]

[[package]]
name = "redox_syscall"
version = "0.1.57"
source = "registry+https://github.com/rust-lang/crates.io-index"
checksum = "41cc0f7e4d5d4544e8861606a285bb08d3e70712ccc7d2b84d7c0ccfaf4b05ce"

[[package]]
name = "remove_dir_all"
version = "0.5.3"
source = "registry+https://github.com/rust-lang/crates.io-index"
checksum = "3acd125665422973a33ac9d3dd2df85edad0f4ae9b00dafb1a05e43a9f5ef8e7"
dependencies = [
 "winapi",
]

[[package]]
name = "ring"
version = "0.16.11"
source = "git+https://github.com/veracruz-project/ring.git?branch=veracruz#ff742f1de446fb616a7abd40f94e8776781bb3b3"
dependencies = [
 "cc",
 "lazy_static",
 "libc 0.2.77",
 "optee-utee",
 "sgx_tstd",
 "spin",
 "untrusted",
 "web-sys",
 "winapi",
]

[[package]]
name = "rustls"
version = "0.16.0"
source = "git+https://github.com/veracruz-project/rustls.git?branch=veracruz#39f39964f61b73d333a5f33c3c51d5022ed0af6b"
dependencies = [
 "base64",
 "log 0.4.8",
 "optee-utee",
 "ring",
 "sct",
 "sgx_tstd",
 "webpki",
]

[[package]]
name = "rustversion"
version = "1.0.4"
source = "registry+https://github.com/rust-lang/crates.io-index"
checksum = "cb5d2a036dc6d2d8fd16fde3498b04306e29bd193bf306a57427019b823d5acd"

[[package]]
name = "ryu"
version = "1.0.5"
source = "registry+https://github.com/rust-lang/crates.io-index"
checksum = "71d301d4193d031abdd79ff7e3dd721168a9572ef3fe51a1517aba235bd8f86e"

[[package]]
name = "sct"
version = "0.6.0"
source = "git+https://github.com/veracruz-project/sct.rs.git?branch=veracruz#bb479fe436843337a062610b0a95c86cf1a0d194"
dependencies = [
 "ring",
 "sgx_tstd",
 "untrusted",
]

[[package]]
name = "serde"
version = "0.8.23"
source = "registry+https://github.com/rust-lang/crates.io-index"
checksum = "9dad3f759919b92c3068c696c15c3d17238234498bbdcc80f2c469606f948ac8"

[[package]]
name = "serde"
version = "1.0.115"
source = "git+https://github.com/veracruz-project/serde.git?branch=veracruz#19d2797fe979e15876ad180865ffac5c47d7de9c"
dependencies = [
 "serde_derive 1.0.115",
 "sgx_tstd",
]

[[package]]
name = "serde"
version = "1.0.118"
source = "registry+https://github.com/rust-lang/crates.io-index"
checksum = "06c64263859d87aa2eb554587e2d23183398d617427327cf2b3d0ed8c69e4800"
dependencies = [
 "serde_derive 1.0.118",
]

[[package]]
name = "serde_derive"
version = "1.0.115"
source = "git+https://github.com/veracruz-project/serde.git?branch=veracruz#19d2797fe979e15876ad180865ffac5c47d7de9c"
dependencies = [
 "proc-macro2 1.0.23",
 "quote 1.0.7",
 "syn 1.0.42",
]

[[package]]
name = "serde_derive"
version = "1.0.118"
source = "registry+https://github.com/rust-lang/crates.io-index"
checksum = "c84d3526699cd55261af4b941e4e725444df67aa4f9e6a3564f18030d12672df"
dependencies = [
 "proc-macro2 1.0.23",
 "quote 1.0.7",
 "syn 1.0.42",
]

[[package]]
name = "serde_json"
version = "0.8.6"
source = "registry+https://github.com/rust-lang/crates.io-index"
checksum = "67f7d2e9edc3523a9c8ec8cd6ec481b3a27810aafee3e625d311febd3e656b4c"
dependencies = [
 "dtoa",
 "itoa 0.1.1",
 "num-traits 0.1.43",
 "serde 0.8.23",
]

[[package]]
name = "serde_json"
version = "1.0.51"
source = "git+https://github.com/veracruz-project/json.git?branch=veracruz#30743088aad1afbb8955f88d526d0eb3c4868a14"
dependencies = [
 "indexmap",
 "itoa 0.4.5",
 "ryu",
 "serde 1.0.115",
 "sgx_tstd",
]

[[package]]
name = "sgx_alloc"
version = "1.1.2"
source = "git+https://github.com/veracruz-project/incubator-teaclave-sgx-sdk.git?branch=veracruz#5a7ad8cae45be8268987ca0d07c25f645593a8c3"

[[package]]
name = "sgx_backtrace_sys"
version = "1.1.2"
source = "git+https://github.com/apache/teaclave-sgx-sdk.git?rev=v1.1.2#8f065be7a442157bf16dc7106feb795ea1c578eb"
dependencies = [
 "cc",
 "sgx_build_helper",
 "sgx_libc",
]

[[package]]
name = "sgx_build_helper"
version = "0.1.3"
source = "git+https://github.com/apache/teaclave-sgx-sdk.git?rev=v1.1.2#8f065be7a442157bf16dc7106feb795ea1c578eb"

[[package]]
name = "sgx_demangle"
version = "1.1.2"
source = "git+https://github.com/apache/teaclave-sgx-sdk.git?rev=v1.1.2#8f065be7a442157bf16dc7106feb795ea1c578eb"

[[package]]
name = "sgx_libc"
version = "1.1.2"
source = "git+https://github.com/apache/teaclave-sgx-sdk.git?rev=v1.1.2#8f065be7a442157bf16dc7106feb795ea1c578eb"
dependencies = [
 "sgx_types",
]

[[package]]
name = "sgx_tcrypto"
version = "1.1.2"
source = "git+https://github.com/apache/teaclave-sgx-sdk.git?rev=v1.1.2#8f065be7a442157bf16dc7106feb795ea1c578eb"
dependencies = [
 "sgx_types",
]

[[package]]
name = "sgx_tdh"
version = "1.1.2"
source = "git+https://github.com/apache/teaclave-sgx-sdk.git?rev=v1.1.2#8f065be7a442157bf16dc7106feb795ea1c578eb"
dependencies = [
 "sgx_tcrypto",
 "sgx_trts",
 "sgx_tse",
 "sgx_types",
]

[[package]]
name = "sgx_tprotected_fs"
version = "1.1.2"
source = "git+https://github.com/apache/teaclave-sgx-sdk.git?rev=v1.1.2#8f065be7a442157bf16dc7106feb795ea1c578eb"
dependencies = [
 "sgx_trts",
 "sgx_types",
]

[[package]]
name = "sgx_trts"
version = "1.1.2"
source = "git+https://github.com/apache/teaclave-sgx-sdk.git?rev=v1.1.2#8f065be7a442157bf16dc7106feb795ea1c578eb"
dependencies = [
 "sgx_libc",
 "sgx_types",
]

[[package]]
name = "sgx_tse"
version = "1.1.2"
source = "git+https://github.com/apache/teaclave-sgx-sdk.git?rev=v1.1.2#8f065be7a442157bf16dc7106feb795ea1c578eb"
dependencies = [
 "sgx_types",
]

[[package]]
name = "sgx_tstd"
version = "1.1.2"
source = "git+https://github.com/apache/teaclave-sgx-sdk.git?rev=v1.1.2#8f065be7a442157bf16dc7106feb795ea1c578eb"
dependencies = [
 "hashbrown_tstd",
 "sgx_alloc",
 "sgx_backtrace_sys",
 "sgx_demangle",
 "sgx_libc",
 "sgx_tprotected_fs",
 "sgx_trts",
 "sgx_types",
 "sgx_unwind",
]

[[package]]
name = "sgx_types"
version = "1.1.2"
source = "git+https://github.com/apache/teaclave-sgx-sdk.git?rev=v1.1.2#8f065be7a442157bf16dc7106feb795ea1c578eb"

[[package]]
name = "sgx_unwind"
version = "0.1.1"
source = "git+https://github.com/apache/teaclave-sgx-sdk.git?rev=v1.1.2#8f065be7a442157bf16dc7106feb795ea1c578eb"
dependencies = [
 "sgx_build_helper",
]

[[package]]
name = "siphasher"
version = "0.2.3"
source = "registry+https://github.com/rust-lang/crates.io-index"
checksum = "0b8de496cf83d4ed58b6be86c3a275b8602f6ffe98d3024a869e124147a9a3ac"

[[package]]
name = "spin"
version = "0.5.2"
source = "registry+https://github.com/rust-lang/crates.io-index"
checksum = "6e63cff320ae2c57904679ba7cb63280a3dc4613885beafb148ee7bf9aa9042d"

[[package]]
name = "syn"
version = "0.15.44"
source = "registry+https://github.com/rust-lang/crates.io-index"
checksum = "9ca4b3b69a77cbe1ffc9e198781b7acb0c7365a883670e8f1c1bc66fba79a5c5"
dependencies = [
 "proc-macro2 0.4.30",
 "quote 0.6.13",
 "unicode-xid 0.1.0",
]

[[package]]
name = "syn"
version = "1.0.42"
source = "registry+https://github.com/rust-lang/crates.io-index"
checksum = "9c51d92969d209b54a98397e1b91c8ae82d8c87a7bb87df0b29aa2ad81454228"
dependencies = [
 "proc-macro2 1.0.23",
 "quote 1.0.7",
 "unicode-xid 0.2.1",
]

[[package]]
name = "synstructure"
version = "0.12.4"
source = "registry+https://github.com/rust-lang/crates.io-index"
checksum = "b834f2d66f734cb897113e34aaff2f1ab4719ca946f9a7358dba8f8064148701"
dependencies = [
 "proc-macro2 1.0.23",
 "quote 1.0.7",
 "syn 1.0.42",
 "unicode-xid 0.2.1",
]

[[package]]
name = "target_build_utils"
version = "0.1.2"
source = "registry+https://github.com/rust-lang/crates.io-index"
checksum = "54c550e226618cd35334b75e92bfa5437c61474bdb75c38bf330ab5a8037b77c"
dependencies = [
 "phf",
 "phf_codegen",
 "serde_json 0.8.6",
]

[[package]]
name = "tempfile"
version = "3.1.0"
source = "registry+https://github.com/rust-lang/crates.io-index"
checksum = "7a6e24d9338a0a5be79593e2fa15a648add6138caa803e2d5bc782c371732ca9"
dependencies = [
 "cfg-if 0.1.10",
 "libc 0.2.77",
 "rand 0.7.3",
 "redox_syscall",
 "remove_dir_all",
 "winapi",
]

[[package]]
name = "tiny-keccak"
version = "2.0.2"
source = "registry+https://github.com/rust-lang/crates.io-index"
checksum = "2c9d3793400a45f954c52e73d068316d76b6f4e36977e3fcebb13a2721e80237"
dependencies = [
 "crunchy",
]

[[package]]
name = "typetag"
version = "0.1.4"
source = "git+https://github.com/veracruz-project/typetag.git?branch=veracruz#12bd8b5df37ad7220e20c021b5dea0252120e394"
dependencies = [
 "erased-serde",
 "inventory",
 "lazy_static",
 "serde 1.0.115",
 "sgx_tstd",
 "typetag-impl",
]

[[package]]
name = "typetag-impl"
version = "0.1.4"
source = "git+https://github.com/veracruz-project/typetag.git?branch=veracruz#12bd8b5df37ad7220e20c021b5dea0252120e394"
dependencies = [
 "proc-macro2 1.0.23",
 "quote 1.0.7",
 "syn 1.0.42",
]

[[package]]
name = "unicode-xid"
version = "0.1.0"
source = "registry+https://github.com/rust-lang/crates.io-index"
checksum = "fc72304796d0818e357ead4e000d19c9c174ab23dc11093ac919054d20a6a7fc"

[[package]]
name = "unicode-xid"
version = "0.2.1"
source = "registry+https://github.com/rust-lang/crates.io-index"
checksum = "f7fe0bb3479651439c9112f72b6c505038574c9fbb575ed1bf3b797fa39dd564"

[[package]]
name = "untrusted"
version = "0.7.1"
source = "registry+https://github.com/rust-lang/crates.io-index"
checksum = "a156c684c91ea7d62626509bce3cb4e1d9ed5c4d978f7b4352658f96a4c26b4a"

[[package]]
name = "uuid"
version = "0.7.4"
source = "registry+https://github.com/rust-lang/crates.io-index"
checksum = "90dbc611eb48397705a6b0f6e917da23ae517e4d127123d2cf7674206627d32a"
dependencies = [
 "rand 0.6.5",
]

[[package]]
name = "veracruz-utils"
version = "0.3.0"
dependencies = [
 "err-derive",
 "serde 1.0.115",
 "serde_json 1.0.51",
 "sgx_tstd",
 "uuid",
]

[[package]]
name = "version_check"
version = "0.9.2"
source = "registry+https://github.com/rust-lang/crates.io-index"
checksum = "b5a972e5669d67ba988ce3dc826706fb0a8b01471c088cb0b6110b805cc36aed"

[[package]]
name = "wasi"
version = "0.9.0+wasi-snapshot-preview1"
source = "registry+https://github.com/rust-lang/crates.io-index"
checksum = "cccddf32554fecc6acb585f82a32a72e28b48f8c4c1883ddfeeeaa96f7d8e519"

[[package]]
name = "wasi"
version = "0.10.1+wasi-snapshot-preview1"
source = "registry+https://github.com/rust-lang/crates.io-index"
checksum = "93c6c3420963c5c64bca373b25e77acb562081b9bb4dd5bb864187742186cea9"

[[package]]
name = "wasm-bindgen"
version = "0.2.68"
source = "registry+https://github.com/rust-lang/crates.io-index"
checksum = "1ac64ead5ea5f05873d7c12b545865ca2b8d28adfc50a49b84770a3a97265d42"
dependencies = [
 "cfg-if 0.1.10",
 "wasm-bindgen-macro",
]

[[package]]
name = "wasm-bindgen-backend"
version = "0.2.68"
source = "registry+https://github.com/rust-lang/crates.io-index"
checksum = "f22b422e2a757c35a73774860af8e112bff612ce6cb604224e8e47641a9e4f68"
dependencies = [
 "bumpalo",
 "lazy_static",
 "log 0.4.11",
 "proc-macro2 1.0.23",
 "quote 1.0.7",
 "syn 1.0.42",
 "wasm-bindgen-shared",
]

[[package]]
name = "wasm-bindgen-macro"
version = "0.2.68"
source = "registry+https://github.com/rust-lang/crates.io-index"
checksum = "6b13312a745c08c469f0b292dd2fcd6411dba5f7160f593da6ef69b64e407038"
dependencies = [
 "quote 1.0.7",
 "wasm-bindgen-macro-support",
]

[[package]]
name = "wasm-bindgen-macro-support"
version = "0.2.68"
source = "registry+https://github.com/rust-lang/crates.io-index"
checksum = "f249f06ef7ee334cc3b8ff031bfc11ec99d00f34d86da7498396dc1e3b1498fe"
dependencies = [
 "proc-macro2 1.0.23",
 "quote 1.0.7",
 "syn 1.0.42",
 "wasm-bindgen-backend",
 "wasm-bindgen-shared",
]

[[package]]
name = "wasm-bindgen-shared"
version = "0.2.68"
source = "registry+https://github.com/rust-lang/crates.io-index"
checksum = "1d649a3145108d7d3fbcde896a468d1bd636791823c9921135218ad89be08307"

[[package]]
name = "wasmi"
version = "0.6.2"
source = "git+https://github.com/veracruz-project/wasmi.git?branch=veracruz#3ef10d3949e9a871ec1b6de37dae00def28a08fd"
dependencies = [
 "libc 0.2.77",
 "memory_units",
 "num-rational",
 "num-traits 0.2.10",
 "parity-wasm",
 "serde 1.0.115",
 "sgx_tstd",
 "typetag",
 "wasmi-validation",
]

[[package]]
name = "wasmi-validation"
version = "0.3.0"
source = "git+https://github.com/veracruz-project/wasmi.git?branch=veracruz#3ef10d3949e9a871ec1b6de37dae00def28a08fd"
dependencies = [
 "parity-wasm",
 "sgx_tstd",
]

[[package]]
name = "web-sys"
version = "0.3.45"
source = "registry+https://github.com/rust-lang/crates.io-index"
checksum = "4bf6ef87ad7ae8008e15a355ce696bed26012b7caa21605188cfd8214ab51e2d"
dependencies = [
 "js-sys",
 "wasm-bindgen",
]

[[package]]
name = "webpki"
version = "0.21.2"
source = "git+https://github.com/veracruz-project/webpki.git?branch=veracruz#a892650802f4510d244bb8faef821689bd9c41f2"
dependencies = [
 "optee-utee",
 "ring",
 "sgx_tstd",
 "untrusted",
]

[[package]]
name = "webpki-roots"
version = "0.19.0"
source = "git+https://github.com/veracruz-project/webpki-roots.git?branch=veracruz#a8023dba729f3b50841fe3d7ba87dd220b795f5e"
dependencies = [
 "sgx_tstd",
 "webpki",
]

[[package]]
name = "winapi"
version = "0.3.9"
source = "registry+https://github.com/rust-lang/crates.io-index"
checksum = "5c839a674fcd7a98952e593242ea400abe93992746761e38641405d28b00f419"
dependencies = [
 "winapi-i686-pc-windows-gnu",
 "winapi-x86_64-pc-windows-gnu",
]

[[package]]
name = "winapi-i686-pc-windows-gnu"
version = "0.4.0"
source = "registry+https://github.com/rust-lang/crates.io-index"
checksum = "ac3b87c63620426dd9b991e5ce0329eff545bccbbb34f3be09ff6fb6ab51b7b6"

[[package]]
name = "winapi-x86_64-pc-windows-gnu"
version = "0.4.0"
source = "registry+https://github.com/rust-lang/crates.io-index"
checksum = "712e227841d057c1ee1cd2fb22fa7e5a5461ae8e48fa2ca79ec42cfc1931183f"
